
Microsoft Visual Studio Solution File, Format Version 12.00
# Visual Studio 15
VisualStudioVersion = 15.0.28307.329
MinimumVisualStudioVersion = 10.0.40219.1
Project("{FAE04EC0-301F-11D3-BF4B-00C04F79EFBC}") = "Spangle_Static", "Spangle_Static\Spangle_Static.csproj", "{36ADA753-A135-4F4E-BD40-9F84C64B8C8B}"
EndProject
Global
	GlobalSection(SolutionConfigurationPlatforms) = preSolution
		Debug|Any CPU = Debug|Any CPU
		Release|Any CPU = Release|Any CPU
	EndGlobalSection
	GlobalSection(ProjectConfigurationPlatforms) = postSolution
		{36ADA753-A135-4F4E-BD40-9F84C64B8C8B}.Debug|Any CPU.ActiveCfg = Debug|Any CPU
		{36ADA753-A135-4F4E-BD40-9F84C64B8C8B}.Debug|Any CPU.Build.0 = Debug|Any CPU
		{36ADA753-A135-4F4E-BD40-9F84C64B8C8B}.Release|Any CPU.ActiveCfg = Release|Any CPU
		{36ADA753-A135-4F4E-BD40-9F84C64B8C8B}.Release|Any CPU.Build.0 = Release|Any CPU
	EndGlobalSection
	GlobalSection(SolutionProperties) = preSolution
		HideSolutionNode = FALSE
	EndGlobalSection
	GlobalSection(ExtensibilityGlobals) = postSolution
		SolutionGuid = {20A2A044-C386-4A51-96CB-C53006B45ED8}
	EndGlobalSection
EndGlobal
